
Microsoft Visual Studio Solution File, Format Version 12.00
# Visual Studio 15
VisualStudioVersion = 15.0.28307.421
MinimumVisualStudioVersion = 10.0.40219.1
Project("{FAE04EC0-301F-11D3-BF4B-00C04F79EFBC}") = "ConsoleAppCalculator", "ConsoleAppCalculator\ConsoleAppCalculator.csproj", "{E280D1C1-BDAB-4413-9422-BF00C5779067}"
EndProject
Project("{FAE04EC0-301F-11D3-BF4B-00C04F79EFBC}") = "ConsoleAppCalculatorTest", "ConsoleAppCalculatorTest\ConsoleAppCalculatorTest.csproj", "{81B024ED-DA32-48C0-8696-6FAE0E675E68}"
EndProject
Project("{2150E333-8FDC-42A3-9474-1A3956D46DE8}") = "Solution Items", "Solution Items", "{372553B3-DD27-4EF7-BF01-6517A274060F}"
	ProjectSection(SolutionItems) = preProject
		.gitignore = .gitignore
	EndProjectSection
EndProject
Global
	GlobalSection(SolutionConfigurationPlatforms) = preSolution
		Debug|Any CPU = Debug|Any CPU
		Release|Any CPU = Release|Any CPU
	EndGlobalSection
	GlobalSection(ProjectConfigurationPlatforms) = postSolution
		{E280D1C1-BDAB-4413-9422-BF00C5779067}.Debug|Any CPU.ActiveCfg = Debug|Any CPU
		{E280D1C1-BDAB-4413-9422-BF00C5779067}.Debug|Any CPU.Build.0 = Debug|Any CPU
		{E280D1C1-BDAB-4413-9422-BF00C5779067}.Release|Any CPU.ActiveCfg = Release|Any CPU
		{E280D1C1-BDAB-4413-9422-BF00C5779067}.Release|Any CPU.Build.0 = Release|Any CPU
		{81B024ED-DA32-48C0-8696-6FAE0E675E68}.Debug|Any CPU.ActiveCfg = Debug|Any CPU
		{81B024ED-DA32-48C0-8696-6FAE0E675E68}.Debug|Any CPU.Build.0 = Debug|Any CPU
		{81B024ED-DA32-48C0-8696-6FAE0E675E68}.Release|Any CPU.ActiveCfg = Release|Any CPU
		{81B024ED-DA32-48C0-8696-6FAE0E675E68}.Release|Any CPU.Build.0 = Release|Any CPU
	EndGlobalSection
	GlobalSection(SolutionProperties) = preSolution
		HideSolutionNode = FALSE
	EndGlobalSection
	GlobalSection(ExtensibilityGlobals) = postSolution
		SolutionGuid = {3DED22E1-5835-4F09-916F-EE5FD6C32BA0}
	EndGlobalSection
EndGlobal
